# THIS IS AN AUTOGENERATED FILE. DO NOT EDIT THIS FILE DIRECTLY.
# yarn lockfile v1


immutable@^4.0.0-rc.12:
  version "4.0.0-rc.12"
  resolved "https://registry.yarnpkg.com/immutable/-/immutable-4.0.0-rc.12.tgz#ca59a7e4c19ae8d9bf74a97bdf0f6e2f2a5d0217"
  integrity sha512-0M2XxkZLx/mi3t8NVwIm1g8nHoEmM9p9UBl/G9k4+hm0kBgOVdMV/B3CY5dQ8qG8qc80NN4gDV4HQv6FTJ5q7A==

pmfl@^0.5.7:
  version "0.5.7"
  resolved "https://registry.yarnpkg.com/pmfl/-/pmfl-0.5.7.tgz#0464b69193fd5272dda72ae7566756c69efb4dcd"
  integrity sha512-dLjCYlZAjjQhj4SiBQPhCU4HNUjqo4hJFPxO4zmiLAu0IFhAN/EMGY+sKZrLCfgiFpL9OrIOZHQG0jeYEzOJbg==
  dependencies:
    immutable "^4.0.0-rc.12"
